
Microsoft Visual Studio Solution File, Format Version 12.00
# Visual Studio Version 17
VisualStudioVersion = 17.4.33122.133
MinimumVisualStudioVersion = 10.0.40219.1
Project("{2150E333-8FDC-42A3-9474-1A3956D46DE8}") = "src", "src", "{5D39B668-182B-4ACA-A09D-93A862BE1C88}"
EndProject
Project("{2150E333-8FDC-42A3-9474-1A3956D46DE8}") = "tests", "tests", "{83FFF3AD-F17A-461A-8F3D-280195BECB67}"
EndProject
Project("{9A19103F-16F7-4668-BE54-9A1E7A4F7556}") = "Core", "src\Lib\Core.csproj", "{B1CFD958-6F49-401D-8DEE-857C3AD22401}"
EndProject
Project("{9A19103F-16F7-4668-BE54-9A1E7A4F7556}") = "UnitTests", "tests\UnitTests\UnitTests.csproj", "{BC92DB24-F5C9-4BDA-BE7A-A1FB1C857A1F}"
EndProject
Global
	GlobalSection(SolutionConfigurationPlatforms) = preSolution
		Debug|Any CPU = Debug|Any CPU
		Release|Any CPU = Release|Any CPU
	EndGlobalSection
	GlobalSection(ProjectConfigurationPlatforms) = postSolution
		{B1CFD958-6F49-401D-8DEE-857C3AD22401}.Debug|Any CPU.ActiveCfg = Debug|Any CPU
		{B1CFD958-6F49-401D-8DEE-857C3AD22401}.Debug|Any CPU.Build.0 = Debug|Any CPU
		{B1CFD958-6F49-401D-8DEE-857C3AD22401}.Release|Any CPU.ActiveCfg = Release|Any CPU
		{B1CFD958-6F49-401D-8DEE-857C3AD22401}.Release|Any CPU.Build.0 = Release|Any CPU
		{BC92DB24-F5C9-4BDA-BE7A-A1FB1C857A1F}.Debug|Any CPU.ActiveCfg = Debug|Any CPU
		{BC92DB24-F5C9-4BDA-BE7A-A1FB1C857A1F}.Debug|Any CPU.Build.0 = Debug|Any CPU
		{BC92DB24-F5C9-4BDA-BE7A-A1FB1C857A1F}.Release|Any CPU.ActiveCfg = Release|Any CPU
		{BC92DB24-F5C9-4BDA-BE7A-A1FB1C857A1F}.Release|Any CPU.Build.0 = Release|Any CPU
	EndGlobalSection
	GlobalSection(SolutionProperties) = preSolution
		HideSolutionNode = FALSE
	EndGlobalSection
	GlobalSection(NestedProjects) = preSolution
		{B1CFD958-6F49-401D-8DEE-857C3AD22401} = {5D39B668-182B-4ACA-A09D-93A862BE1C88}
		{BC92DB24-F5C9-4BDA-BE7A-A1FB1C857A1F} = {83FFF3AD-F17A-461A-8F3D-280195BECB67}
	EndGlobalSection
	GlobalSection(ExtensibilityGlobals) = postSolution
		SolutionGuid = {37925BAB-545E-457A-A655-F160C4C0E3CD}
	EndGlobalSection
EndGlobal
